
Microsoft Visual Studio Solution File, Format Version 12.00
# Visual Studio Version 17
VisualStudioVersion = 17.4.33122.133
MinimumVisualStudioVersion = 10.0.40219.1
Project("{FAE04EC0-301F-11D3-BF4B-00C04F79EFBC}") = "StudentAdmissionManagement", ".\StudentAdmissionManagement\StudentAdmissionManagement.csproj", "{0BF0BCA4-1E5F-4A17-937B-D47BB218CD24}"
EndProject
Project("{FAE04EC0-301F-11D3-BF4B-00C04F79EFBC}") = "StudentAttendanceManagement", ".\StudentAttendanceManagement\StudentAttendanceManagement.csproj", "{9159F6F3-C4ED-4700-99AC-2D123E502DA7}"
EndProject
Project("{FAE04EC0-301F-11D3-BF4B-00C04F79EFBC}") = "SchoolAPIGateway", ".\SchoolAPIGateway\SchoolAPIGateway.csproj", "{68FB795B-E13B-491D-B071-248F57BF8302}"
EndProject
Global
	GlobalSection(SolutionConfigurationPlatforms) = preSolution
		Debug|Any CPU = Debug|Any CPU
		Release|Any CPU = Release|Any CPU
	EndGlobalSection
	GlobalSection(ProjectConfigurationPlatforms) = postSolution
		{0BF0BCA4-1E5F-4A17-937B-D47BB218CD24}.Debug|Any CPU.ActiveCfg = Debug|Any CPU
		{0BF0BCA4-1E5F-4A17-937B-D47BB218CD24}.Debug|Any CPU.Build.0 = Debug|Any CPU
		{0BF0BCA4-1E5F-4A17-937B-D47BB218CD24}.Release|Any CPU.ActiveCfg = Release|Any CPU
		{0BF0BCA4-1E5F-4A17-937B-D47BB218CD24}.Release|Any CPU.Build.0 = Release|Any CPU
		{9159F6F3-C4ED-4700-99AC-2D123E502DA7}.Debug|Any CPU.ActiveCfg = Debug|Any CPU
		{9159F6F3-C4ED-4700-99AC-2D123E502DA7}.Debug|Any CPU.Build.0 = Debug|Any CPU
		{9159F6F3-C4ED-4700-99AC-2D123E502DA7}.Release|Any CPU.ActiveCfg = Release|Any CPU
		{9159F6F3-C4ED-4700-99AC-2D123E502DA7}.Release|Any CPU.Build.0 = Release|Any CPU
		{68FB795B-E13B-491D-B071-248F57BF8302}.Debug|Any CPU.ActiveCfg = Debug|Any CPU
		{68FB795B-E13B-491D-B071-248F57BF8302}.Debug|Any CPU.Build.0 = Debug|Any CPU
		{68FB795B-E13B-491D-B071-248F57BF8302}.Release|Any CPU.ActiveCfg = Release|Any CPU
		{68FB795B-E13B-491D-B071-248F57BF8302}.Release|Any CPU.Build.0 = Release|Any CPU
	EndGlobalSection
	GlobalSection(SolutionProperties) = preSolution
		HideSolutionNode = FALSE
	EndGlobalSection
	GlobalSection(ExtensibilityGlobals) = postSolution
		SolutionGuid = {9857EEC9-8E93-4924-AB79-C5213C437C38}
	EndGlobalSection
EndGlobal
